
Microsoft Visual Studio Solution File, Format Version 12.00
# Visual Studio Version 16
VisualStudioVersion = 16.0.32510.428
MinimumVisualStudioVersion = 10.0.40219.1
Project("{9A19103F-16F7-4668-BE54-9A1E7A4F7556}") = "UnlimitedStamina", "UnlimitedStamina.csproj", "{8746D826-FA58-4539-8D39-D48AD845A468}"
EndProject
Global
	GlobalSection(SolutionConfigurationPlatforms) = preSolution
		Debug|Any CPU = Debug|Any CPU
		Release|Any CPU = Release|Any CPU
	EndGlobalSection
	GlobalSection(ProjectConfigurationPlatforms) = postSolution
		{8746D826-FA58-4539-8D39-D48AD845A468}.Debug|Any CPU.ActiveCfg = Debug|Any CPU
		{8746D826-FA58-4539-8D39-D48AD845A468}.Debug|Any CPU.Build.0 = Debug|Any CPU
		{8746D826-FA58-4539-8D39-D48AD845A468}.Release|Any CPU.ActiveCfg = Release|Any CPU
		{8746D826-FA58-4539-8D39-D48AD845A468}.Release|Any CPU.Build.0 = Release|Any CPU
	EndGlobalSection
	GlobalSection(SolutionProperties) = preSolution
		HideSolutionNode = FALSE
	EndGlobalSection
	GlobalSection(ExtensibilityGlobals) = postSolution
		SolutionGuid = {2875E495-D6B4-43D8-B2B9-4AC80D22E2D0}
	EndGlobalSection
EndGlobal
