
Microsoft Visual Studio Solution File, Format Version 12.00
# Visual Studio Version 16
VisualStudioVersion = 16.0.32510.428
MinimumVisualStudioVersion = 10.0.40219.1
Project("{9A19103F-16F7-4668-BE54-9A1E7A4F7556}") = "RepairableTools", "RepairableTools.csproj", "{36DB43C9-2C2A-4CD9-A6CD-3DA045F111EC}"
EndProject
Global
	GlobalSection(SolutionConfigurationPlatforms) = preSolution
		Debug|Any CPU = Debug|Any CPU
		Release|Any CPU = Release|Any CPU
	EndGlobalSection
	GlobalSection(ProjectConfigurationPlatforms) = postSolution
		{36DB43C9-2C2A-4CD9-A6CD-3DA045F111EC}.Debug|Any CPU.ActiveCfg = Debug|Any CPU
		{36DB43C9-2C2A-4CD9-A6CD-3DA045F111EC}.Debug|Any CPU.Build.0 = Debug|Any CPU
		{36DB43C9-2C2A-4CD9-A6CD-3DA045F111EC}.Release|Any CPU.ActiveCfg = Release|Any CPU
		{36DB43C9-2C2A-4CD9-A6CD-3DA045F111EC}.Release|Any CPU.Build.0 = Release|Any CPU
	EndGlobalSection
	GlobalSection(SolutionProperties) = preSolution
		HideSolutionNode = FALSE
	EndGlobalSection
	GlobalSection(ExtensibilityGlobals) = postSolution
		SolutionGuid = {FA0BEA77-BBF8-4012-AA10-B1E16AC4B27D}
	EndGlobalSection
EndGlobal
