
Microsoft Visual Studio Solution File, Format Version 12.00
# Visual Studio Version 16
VisualStudioVersion = 16.0.32510.428
MinimumVisualStudioVersion = 10.0.40219.1
Project("{9A19103F-16F7-4668-BE54-9A1E7A4F7556}") = "ChatCommands", "ChatCommands.csproj", "{B323694B-A989-4C7C-89DB-A4D489BE1C93}"
EndProject
Global
	GlobalSection(SolutionConfigurationPlatforms) = preSolution
		Debug|Any CPU = Debug|Any CPU
		Release|Any CPU = Release|Any CPU
	EndGlobalSection
	GlobalSection(ProjectConfigurationPlatforms) = postSolution
		{B323694B-A989-4C7C-89DB-A4D489BE1C93}.Debug|Any CPU.ActiveCfg = Debug|Any CPU
		{B323694B-A989-4C7C-89DB-A4D489BE1C93}.Debug|Any CPU.Build.0 = Debug|Any CPU
		{B323694B-A989-4C7C-89DB-A4D489BE1C93}.Release|Any CPU.ActiveCfg = Release|Any CPU
		{B323694B-A989-4C7C-89DB-A4D489BE1C93}.Release|Any CPU.Build.0 = Release|Any CPU
	EndGlobalSection
	GlobalSection(SolutionProperties) = preSolution
		HideSolutionNode = FALSE
	EndGlobalSection
	GlobalSection(ExtensibilityGlobals) = postSolution
		SolutionGuid = {D93D4D18-C158-4CD3-8E1E-5B384A3963EA}
	EndGlobalSection
EndGlobal
